// !$*UTF8*$!
{
	archiveVersion = 1;
	classes = {
	};
	objectVersion = 46;
	objects = {

/* Begin PBXBuildFile section */
		0214CCFC176A046700F3F304 /* NSURL+KGAdditions.m in Sources */ = {isa = PBXBuildFile; fileRef = 0214CCFB176A046700F3F304 /* NSURL+KGAdditions.m */; };
		0216562F186052B700906CBB /* KGDeviceInfo.m in Sources */ = {isa = PBXBuildFile; fileRef = 0216562E186052B700906CBB /* KGDeviceInfo.m */; };
		021ADDC218081A3600F1C8B8 /* KGCircleProgressView.m in Sources */ = {isa = PBXBuildFile; fileRef = 021ADDC118081A3600F1C8B8 /* KGCircleProgressView.m */; };
		0227A29D1748D5D000CA6685 /* UIColor+KGAdditions.m in Sources */ = {isa = PBXBuildFile; fileRef = 0227A28F1748D5D000CA6685 /* UIColor+KGAdditions.m */; };
		0227A29E1748D5D000CA6685 /* UIView+KGAdditions.m in Sources */ = {isa = PBXBuildFile; fileRef = 0227A2911748D5D000CA6685 /* UIView+KGAdditions.m */; };
		0227A29F1748D5D000CA6685 /* UIView+KGAnimations.m in Sources */ = {isa = PBXBuildFile; fileRef = 0227A2931748D5D000CA6685 /* UIView+KGAnimations.m */; };
		0227A2A01748D5D000CA6685 /* UIView+KGHierarchy.m in Sources */ = {isa = PBXBuildFile; fileRef = 0227A2961748D5D000CA6685 /* UIView+KGHierarchy.m */; };
		0227A2A11748D5D000CA6685 /* UIView+KGInnerShadow.m in Sources */ = {isa = PBXBuildFile; fileRef = 0227A2981748D5D000CA6685 /* UIView+KGInnerShadow.m */; };
		0227A2A21748D5D000CA6685 /* UIView+KGNoise.m in Sources */ = {isa = PBXBuildFile; fileRef = 0227A29A1748D5D000CA6685 /* UIView+KGNoise.m */; };
		0227A2A31748D5D000CA6685 /* UIView+Userdata.m in Sources */ = {isa = PBXBuildFile; fileRef = 0227A29C1748D5D000CA6685 /* UIView+Userdata.m */; };
		0227A2A61748D74A00CA6685 /* QuartzCore.framework in Frameworks */ = {isa = PBXBuildFile; fileRef = 0227A2A51748D74A00CA6685 /* QuartzCore.framework */; };
		0227A2AE1748D7F500CA6685 /* KGTimeConverter.m in Sources */ = {isa = PBXBuildFile; fileRef = 0227A2A91748D7F500CA6685 /* KGTimeConverter.m */; };
		0227A2AF1748D7F500CA6685 /* KGWindow.m in Sources */ = {isa = PBXBuildFile; fileRef = 0227A2AB1748D7F500CA6685 /* KGWindow.m */; };
		0227A2B01748D7F500CA6685 /* NSFileManager+KGiOSHelper.m in Sources */ = {isa = PBXBuildFile; fileRef = 0227A2AD1748D7F500CA6685 /* NSFileManager+KGiOSHelper.m */; };
		0234A273175A08E1006035C6 /* KGQuartzDrawing.m in Sources */ = {isa = PBXBuildFile; fileRef = 0234A272175A08E1006035C6 /* KGQuartzDrawing.m */; };
		025588CD18C60D40003AE47E /* KGMimeTypes.m in Sources */ = {isa = PBXBuildFile; fileRef = 025588CC18C60D40003AE47E /* KGMimeTypes.m */; };
		025DB6221758D473007D81C0 /* NSString+KGAdditions.m in Sources */ = {isa = PBXBuildFile; fileRef = 025DB6211758D473007D81C0 /* NSString+KGAdditions.m */; };
		026C21B51746F8BD00F0DAA6 /* Default-568h@2x.png in Resources */ = {isa = PBXBuildFile; fileRef = 026C21B41746F8BD00F0DAA6 /* Default-568h@2x.png */; };
		026C387318C0B3CF003B569A /* ImageIO.framework in Frameworks */ = {isa = PBXBuildFile; fileRef = 026C387218C0B3CF003B569A /* ImageIO.framework */; };
		026C387518C0B3D4003B569A /* MobileCoreServices.framework in Frameworks */ = {isa = PBXBuildFile; fileRef = 026C387418C0B3D4003B569A /* MobileCoreServices.framework */; };
		02752F7417575539004ABF79 /* NSDate+KGAdditions.m in Sources */ = {isa = PBXBuildFile; fileRef = 02752F7317575539004ABF79 /* NSDate+KGAdditions.m */; };
		0275A17A17F08EBC008DFA7A /* NSURL+GETParameters.m in Sources */ = {isa = PBXBuildFile; fileRef = 0275A17917F08EBC008DFA7A /* NSURL+GETParameters.m */; };
		029CF3D3176B0BDD00FA607E /* iOSHelper.podspec in Resources */ = {isa = PBXBuildFile; fileRef = 029CF3D2176B0BDD00FA607E /* iOSHelper.podspec */; };
		029CF3D6176B0C7400FA607E /* UIImage+StackBlur.m in Sources */ = {isa = PBXBuildFile; fileRef = 029CF3D5176B0C7400FA607E /* UIImage+StackBlur.m */; };
		029CF3D9176B0CAB00FA607E /* UIImage+Accelerate.m in Sources */ = {isa = PBXBuildFile; fileRef = 029CF3D8176B0CAB00FA607E /* UIImage+Accelerate.m */; };
		029CF3DB176B154E00FA607E /* Accelerate.framework in Frameworks */ = {isa = PBXBuildFile; fileRef = 029CF3DA176B154E00FA607E /* Accelerate.framework */; };
		029D1FE11771A0F60032A441 /* UIImage+DSP.m in Sources */ = {isa = PBXBuildFile; fileRef = 029D1FE01771A0F60032A441 /* UIImage+DSP.m */; };
		02B6070A178EC1DC0078D790 /* test.jpg in Resources */ = {isa = PBXBuildFile; fileRef = 02B60709178EC1DC0078D790 /* test.jpg */; };
		02B6070C178EC7900078D790 /* test2.png in Resources */ = {isa = PBXBuildFile; fileRef = 02B6070B178EC7900078D790 /* test2.png */; };
		02B6070E178EC7FE0078D790 /* transparent.png in Resources */ = {isa = PBXBuildFile; fileRef = 02B6070D178EC7FE0078D790 /* transparent.png */; };
		02C59161177D7F1C006FECD4 /* KGDrawEraseImageView.m in Sources */ = {isa = PBXBuildFile; fileRef = 02C59160177D7F1C006FECD4 /* KGDrawEraseImageView.m */; };
		02D68B651805713B00925B96 /* KGGradientView.m in Sources */ = {isa = PBXBuildFile; fileRef = 02D68B641805713B00925B96 /* KGGradientView.m */; };
		02E25E2218E1854F004D4C18 /* UIButton+Image.m in Sources */ = {isa = PBXBuildFile; fileRef = 02E25E2118E1854F004D4C18 /* UIButton+Image.m */; };
		02E25E2518E187E1004D4C18 /* KGView.m in Sources */ = {isa = PBXBuildFile; fileRef = 02E25E2418E187E1004D4C18 /* KGView.m */; };
		02E25E2818E18DDC004D4C18 /* NSIndexPath+iOSHelper.m in Sources */ = {isa = PBXBuildFile; fileRef = 02E25E2718E18DDC004D4C18 /* NSIndexPath+iOSHelper.m */; };
		FCE6A5D7154E7B2D0027A21A /* UIKit.framework in Frameworks */ = {isa = PBXBuildFile; fileRef = FCE6A5D6154E7B2D0027A21A /* UIKit.framework */; };
		FCE6A5D9154E7B2D0027A21A /* Foundation.framework in Frameworks */ = {isa = PBXBuildFile; fileRef = FCE6A5D8154E7B2D0027A21A /* Foundation.framework */; };
		FCE6A5DB154E7B2D0027A21A /* CoreGraphics.framework in Frameworks */ = {isa = PBXBuildFile; fileRef = FCE6A5DA154E7B2D0027A21A /* CoreGraphics.framework */; };
		FCE6A5E1154E7B2D0027A21A /* InfoPlist.strings in Resources */ = {isa = PBXBuildFile; fileRef = FCE6A5DF154E7B2D0027A21A /* InfoPlist.strings */; };
		FCE6A5E3154E7B2D0027A21A /* main.m in Sources */ = {isa = PBXBuildFile; fileRef = FCE6A5E2154E7B2D0027A21A /* main.m */; };
		FCE6A5E7154E7B2D0027A21A /* AppDelegate.m in Sources */ = {isa = PBXBuildFile; fileRef = FCE6A5E6154E7B2D0027A21A /* AppDelegate.m */; };
/* End PBXBuildFile section */

/* Begin PBXFileReference section */
		0214CCFA176A046700F3F304 /* NSURL+KGAdditions.h */ = {isa = PBXFileReference; fileEncoding = 4; lastKnownFileType = sourcecode.c.h; path = "NSURL+KGAdditions.h"; sourceTree = "<group>"; };
		0214CCFB176A046700F3F304 /* NSURL+KGAdditions.m */ = {isa = PBXFileReference; fileEncoding = 4; lastKnownFileType = sourcecode.c.objc; path = "NSURL+KGAdditions.m"; sourceTree = "<group>"; };
		0216562D186052B700906CBB /* KGDeviceInfo.h */ = {isa = PBXFileReference; fileEncoding = 4; lastKnownFileType = sourcecode.c.h; path = KGDeviceInfo.h; sourceTree = "<group>"; };
		0216562E186052B700906CBB /* KGDeviceInfo.m */ = {isa = PBXFileReference; fileEncoding = 4; lastKnownFileType = sourcecode.c.objc; path = KGDeviceInfo.m; sourceTree = "<group>"; };
		021ADDC018081A3600F1C8B8 /* KGCircleProgressView.h */ = {isa = PBXFileReference; fileEncoding = 4; lastKnownFileType = sourcecode.c.h; path = KGCircleProgressView.h; sourceTree = "<group>"; };
		021ADDC118081A3600F1C8B8 /* KGCircleProgressView.m */ = {isa = PBXFileReference; fileEncoding = 4; lastKnownFileType = sourcecode.c.objc; path = KGCircleProgressView.m; sourceTree = "<group>"; };
		0227A28B1748D5D000CA6685 /* CGGeometry+KGAdditions.h */ = {isa = PBXFileReference; fileEncoding = 4; lastKnownFileType = sourcecode.c.h; path = "CGGeometry+KGAdditions.h"; sourceTree = "<group>"; };
		0227A28C1748D5D000CA6685 /* KGMath.h */ = {isa = PBXFileReference; fileEncoding = 4; lastKnownFileType = sourcecode.c.h; path = KGMath.h; sourceTree = "<group>"; };
		0227A28E1748D5D000CA6685 /* UIColor+KGAdditions.h */ = {isa = PBXFileReference; fileEncoding = 4; lastKnownFileType = sourcecode.c.h; path = "UIColor+KGAdditions.h"; sourceTree = "<group>"; };
		0227A28F1748D5D000CA6685 /* UIColor+KGAdditions.m */ = {isa = PBXFileReference; fileEncoding = 4; lastKnownFileType = sourcecode.c.objc; path = "UIColor+KGAdditions.m"; sourceTree = "<group>"; };
		0227A2901748D5D000CA6685 /* UIView+KGAdditions.h */ = {isa = PBXFileReference; fileEncoding = 4; lastKnownFileType = sourcecode.c.h; path = "UIView+KGAdditions.h"; sourceTree = "<group>"; };
		0227A2911748D5D000CA6685 /* UIView+KGAdditions.m */ = {isa = PBXFileReference; fileEncoding = 4; lastKnownFileType = sourcecode.c.objc; path = "UIView+KGAdditions.m"; sourceTree = "<group>"; };
		0227A2921748D5D000CA6685 /* UIView+KGAnimations.h */ = {isa = PBXFileReference; fileEncoding = 4; lastKnownFileType = sourcecode.c.h; path = "UIView+KGAnimations.h"; sourceTree = "<group>"; };
		0227A2931748D5D000CA6685 /* UIView+KGAnimations.m */ = {isa = PBXFileReference; fileEncoding = 4; lastKnownFileType = sourcecode.c.objc; path = "UIView+KGAnimations.m"; sourceTree = "<group>"; };
		0227A2941748D5D000CA6685 /* UIView+KGAutoresizing.h */ = {isa = PBXFileReference; fileEncoding = 4; lastKnownFileType = sourcecode.c.h; path = "UIView+KGAutoresizing.h"; sourceTree = "<group>"; };
		0227A2951748D5D000CA6685 /* UIView+KGHierarchy.h */ = {isa = PBXFileReference; fileEncoding = 4; lastKnownFileType = sourcecode.c.h; path = "UIView+KGHierarchy.h"; sourceTree = "<group>"; };
		0227A2961748D5D000CA6685 /* UIView+KGHierarchy.m */ = {isa = PBXFileReference; fileEncoding = 4; lastKnownFileType = sourcecode.c.objc; path = "UIView+KGHierarchy.m"; sourceTree = "<group>"; };
		0227A2971748D5D000CA6685 /* UIView+KGInnerShadow.h */ = {isa = PBXFileReference; fileEncoding = 4; lastKnownFileType = sourcecode.c.h; path = "UIView+KGInnerShadow.h"; sourceTree = "<group>"; };
		0227A2981748D5D000CA6685 /* UIView+KGInnerShadow.m */ = {isa = PBXFileReference; fileEncoding = 4; lastKnownFileType = sourcecode.c.objc; path = "UIView+KGInnerShadow.m"; sourceTree = "<group>"; };
		0227A2991748D5D000CA6685 /* UIView+KGNoise.h */ = {isa = PBXFileReference; fileEncoding = 4; lastKnownFileType = sourcecode.c.h; path = "UIView+KGNoise.h"; sourceTree = "<group>"; };
		0227A29A1748D5D000CA6685 /* UIView+KGNoise.m */ = {isa = PBXFileReference; fileEncoding = 4; lastKnownFileType = sourcecode.c.objc; path = "UIView+KGNoise.m"; sourceTree = "<group>"; };
		0227A29B1748D5D000CA6685 /* UIView+Userdata.h */ = {isa = PBXFileReference; fileEncoding = 4; lastKnownFileType = sourcecode.c.h; path = "UIView+Userdata.h"; sourceTree = "<group>"; };
		0227A29C1748D5D000CA6685 /* UIView+Userdata.m */ = {isa = PBXFileReference; fileEncoding = 4; lastKnownFileType = sourcecode.c.objc; path = "UIView+Userdata.m"; sourceTree = "<group>"; };
		0227A2A51748D74A00CA6685 /* QuartzCore.framework */ = {isa = PBXFileReference; lastKnownFileType = wrapper.framework; name = QuartzCore.framework; path = System/Library/Frameworks/QuartzCore.framework; sourceTree = SDKROOT; };
		0227A2A81748D7F500CA6685 /* KGTimeConverter.h */ = {isa = PBXFileReference; fileEncoding = 4; lastKnownFileType = sourcecode.c.h; path = KGTimeConverter.h; sourceTree = "<group>"; };
		0227A2A91748D7F500CA6685 /* KGTimeConverter.m */ = {isa = PBXFileReference; fileEncoding = 4; lastKnownFileType = sourcecode.c.objc; path = KGTimeConverter.m; sourceTree = "<group>"; };
		0227A2AA1748D7F500CA6685 /* KGWindow.h */ = {isa = PBXFileReference; fileEncoding = 4; lastKnownFileType = sourcecode.c.h; path = KGWindow.h; sourceTree = "<group>"; };
		0227A2AB1748D7F500CA6685 /* KGWindow.m */ = {isa = PBXFileReference; fileEncoding = 4; lastKnownFileType = sourcecode.c.objc; path = KGWindow.m; sourceTree = "<group>"; };
		0227A2AC1748D7F500CA6685 /* NSFileManager+KGiOSHelper.h */ = {isa = PBXFileReference; fileEncoding = 4; lastKnownFileType = sourcecode.c.h; path = "NSFileManager+KGiOSHelper.h"; sourceTree = "<group>"; };
		0227A2AD1748D7F500CA6685 /* NSFileManager+KGiOSHelper.m */ = {isa = PBXFileReference; fileEncoding = 4; lastKnownFileType = sourcecode.c.objc; path = "NSFileManager+KGiOSHelper.m"; sourceTree = "<group>"; };
		0234A271175A08E1006035C6 /* KGQuartzDrawing.h */ = {isa = PBXFileReference; fileEncoding = 4; lastKnownFileType = sourcecode.c.h; path = KGQuartzDrawing.h; sourceTree = "<group>"; };
		0234A272175A08E1006035C6 /* KGQuartzDrawing.m */ = {isa = PBXFileReference; fileEncoding = 4; lastKnownFileType = sourcecode.c.objc; path = KGQuartzDrawing.m; sourceTree = "<group>"; };
		025588CB18C60D40003AE47E /* KGMimeTypes.h */ = {isa = PBXFileReference; fileEncoding = 4; lastKnownFileType = sourcecode.c.h; path = KGMimeTypes.h; sourceTree = "<group>"; };
		025588CC18C60D40003AE47E /* KGMimeTypes.m */ = {isa = PBXFileReference; fileEncoding = 4; lastKnownFileType = sourcecode.c.objc; path = KGMimeTypes.m; sourceTree = "<group>"; };
		025DB6201758D473007D81C0 /* NSString+KGAdditions.h */ = {isa = PBXFileReference; fileEncoding = 4; lastKnownFileType = sourcecode.c.h; path = "NSString+KGAdditions.h"; sourceTree = "<group>"; };
		025DB6211758D473007D81C0 /* NSString+KGAdditions.m */ = {isa = PBXFileReference; fileEncoding = 4; lastKnownFileType = sourcecode.c.objc; path = "NSString+KGAdditions.m"; sourceTree = "<group>"; };
		026C21B41746F8BD00F0DAA6 /* Default-568h@2x.png */ = {isa = PBXFileReference; lastKnownFileType = image.png; path = "Default-568h@2x.png"; sourceTree = "<group>"; };
		026C21B61746F91100F0DAA6 /* iOSHelper.h */ = {isa = PBXFileReference; lastKnownFileType = sourcecode.c.h; path = iOSHelper.h; sourceTree = "<group>"; };
		026C387218C0B3CF003B569A /* ImageIO.framework */ = {isa = PBXFileReference; lastKnownFileType = wrapper.framework; name = ImageIO.framework; path = System/Library/Frameworks/ImageIO.framework; sourceTree = SDKROOT; };
		026C387418C0B3D4003B569A /* MobileCoreServices.framework */ = {isa = PBXFileReference; lastKnownFileType = wrapper.framework; name = MobileCoreServices.framework; path = System/Library/Frameworks/MobileCoreServices.framework; sourceTree = SDKROOT; };
		02752F7217575539004ABF79 /* NSDate+KGAdditions.h */ = {isa = PBXFileReference; fileEncoding = 4; lastKnownFileType = sourcecode.c.h; path = "NSDate+KGAdditions.h"; sourceTree = "<group>"; };
		02752F7317575539004ABF79 /* NSDate+KGAdditions.m */ = {isa = PBXFileReference; fileEncoding = 4; lastKnownFileType = sourcecode.c.objc; path = "NSDate+KGAdditions.m"; sourceTree = "<group>"; };
		0275A17817F08EBC008DFA7A /* NSURL+GETParameters.h */ = {isa = PBXFileReference; fileEncoding = 4; lastKnownFileType = sourcecode.c.h; path = "NSURL+GETParameters.h"; sourceTree = "<group>"; };
		0275A17917F08EBC008DFA7A /* NSURL+GETParameters.m */ = {isa = PBXFileReference; fileEncoding = 4; lastKnownFileType = sourcecode.c.objc; path = "NSURL+GETParameters.m"; sourceTree = "<group>"; };
		029CF3D2176B0BDD00FA607E /* iOSHelper.podspec */ = {isa = PBXFileReference; fileEncoding = 4; lastKnownFileType = text; path = iOSHelper.podspec; sourceTree = SOURCE_ROOT; };
		029CF3D4176B0C7400FA607E /* UIImage+StackBlur.h */ = {isa = PBXFileReference; fileEncoding = 4; lastKnownFileType = sourcecode.c.h; path = "UIImage+StackBlur.h"; sourceTree = "<group>"; };
		029CF3D5176B0C7400FA607E /* UIImage+StackBlur.m */ = {isa = PBXFileReference; fileEncoding = 4; lastKnownFileType = sourcecode.c.objc; path = "UIImage+StackBlur.m"; sourceTree = "<group>"; };
		029CF3D7176B0CAB00FA607E /* UIImage+Accelerate.h */ = {isa = PBXFileReference; fileEncoding = 4; lastKnownFileType = sourcecode.c.h; path = "UIImage+Accelerate.h"; sourceTree = "<group>"; };
		029CF3D8176B0CAB00FA607E /* UIImage+Accelerate.m */ = {isa = PBXFileReference; fileEncoding = 4; lastKnownFileType = sourcecode.c.objc; path = "UIImage+Accelerate.m"; sourceTree = "<group>"; };
		029CF3DA176B154E00FA607E /* Accelerate.framework */ = {isa = PBXFileReference; lastKnownFileType = wrapper.framework; name = Accelerate.framework; path = System/Library/Frameworks/Accelerate.framework; sourceTree = SDKROOT; };
		029D1FDF1771A0F60032A441 /* UIImage+DSP.h */ = {isa = PBXFileReference; fileEncoding = 4; lastKnownFileType = sourcecode.c.h; path = "UIImage+DSP.h"; sourceTree = "<group>"; };
		029D1FE01771A0F60032A441 /* UIImage+DSP.m */ = {isa = PBXFileReference; fileEncoding = 4; lastKnownFileType = sourcecode.c.objc; path = "UIImage+DSP.m"; sourceTree = "<group>"; };
		02B60709178EC1DC0078D790 /* test.jpg */ = {isa = PBXFileReference; lastKnownFileType = image.jpeg; path = test.jpg; sourceTree = "<group>"; };
		02B6070B178EC7900078D790 /* test2.png */ = {isa = PBXFileReference; lastKnownFileType = image.png; path = test2.png; sourceTree = "<group>"; };
		02B6070D178EC7FE0078D790 /* transparent.png */ = {isa = PBXFileReference; lastKnownFileType = image.png; path = transparent.png; sourceTree = "<group>"; };
		02C5915F177D7F1C006FECD4 /* KGDrawEraseImageView.h */ = {isa = PBXFileReference; fileEncoding = 4; lastKnownFileType = sourcecode.c.h; path = KGDrawEraseImageView.h; sourceTree = "<group>"; };
		02C59160177D7F1C006FECD4 /* KGDrawEraseImageView.m */ = {isa = PBXFileReference; fileEncoding = 4; lastKnownFileType = sourcecode.c.objc; path = KGDrawEraseImageView.m; sourceTree = "<group>"; };
		02D68B631805713B00925B96 /* KGGradientView.h */ = {isa = PBXFileReference; fileEncoding = 4; lastKnownFileType = sourcecode.c.h; path = KGGradientView.h; sourceTree = "<group>"; };
		02D68B641805713B00925B96 /* KGGradientView.m */ = {isa = PBXFileReference; fileEncoding = 4; lastKnownFileType = sourcecode.c.objc; path = KGGradientView.m; sourceTree = "<group>"; };
		02E25E2018E1854F004D4C18 /* UIButton+Image.h */ = {isa = PBXFileReference; fileEncoding = 4; lastKnownFileType = sourcecode.c.h; path = "UIButton+Image.h"; sourceTree = "<group>"; };
		02E25E2118E1854F004D4C18 /* UIButton+Image.m */ = {isa = PBXFileReference; fileEncoding = 4; lastKnownFileType = sourcecode.c.objc; path = "UIButton+Image.m"; sourceTree = "<group>"; };
		02E25E2318E187E1004D4C18 /* KGView.h */ = {isa = PBXFileReference; fileEncoding = 4; lastKnownFileType = sourcecode.c.h; path = KGView.h; sourceTree = "<group>"; };
		02E25E2418E187E1004D4C18 /* KGView.m */ = {isa = PBXFileReference; fileEncoding = 4; lastKnownFileType = sourcecode.c.objc; path = KGView.m; sourceTree = "<group>"; };
		02E25E2618E18DDC004D4C18 /* NSIndexPath+iOSHelper.h */ = {isa = PBXFileReference; fileEncoding = 4; lastKnownFileType = sourcecode.c.h; path = "NSIndexPath+iOSHelper.h"; sourceTree = "<group>"; };
		02E25E2718E18DDC004D4C18 /* NSIndexPath+iOSHelper.m */ = {isa = PBXFileReference; fileEncoding = 4; lastKnownFileType = sourcecode.c.objc; path = "NSIndexPath+iOSHelper.m"; sourceTree = "<group>"; };
		02F8BCB5176092CF00DDAAD5 /* KGMacros.h */ = {isa = PBXFileReference; lastKnownFileType = sourcecode.c.h; path = KGMacros.h; sourceTree = "<group>"; };
		FCE6A5D2154E7B2D0027A21A /* iOSHelper.app */ = {isa = PBXFileReference; explicitFileType = wrapper.application; includeInIndex = 0; path = iOSHelper.app; sourceTree = BUILT_PRODUCTS_DIR; };
		FCE6A5D6154E7B2D0027A21A /* UIKit.framework */ = {isa = PBXFileReference; lastKnownFileType = wrapper.framework; name = UIKit.framework; path = System/Library/Frameworks/UIKit.framework; sourceTree = SDKROOT; };
		FCE6A5D8154E7B2D0027A21A /* Foundation.framework */ = {isa = PBXFileReference; lastKnownFileType = wrapper.framework; name = Foundation.framework; path = System/Library/Frameworks/Foundation.framework; sourceTree = SDKROOT; };
		FCE6A5DA154E7B2D0027A21A /* CoreGraphics.framework */ = {isa = PBXFileReference; lastKnownFileType = wrapper.framework; name = CoreGraphics.framework; path = System/Library/Frameworks/CoreGraphics.framework; sourceTree = SDKROOT; };
		FCE6A5DE154E7B2D0027A21A /* iOSHelper-Info.plist */ = {isa = PBXFileReference; lastKnownFileType = text.plist.xml; path = "iOSHelper-Info.plist"; sourceTree = "<group>"; };
		FCE6A5E0154E7B2D0027A21A /* en */ = {isa = PBXFileReference; lastKnownFileType = text.plist.strings; name = en; path = en.lproj/InfoPlist.strings; sourceTree = "<group>"; };
		FCE6A5E2154E7B2D0027A21A /* main.m */ = {isa = PBXFileReference; lastKnownFileType = sourcecode.c.objc; path = main.m; sourceTree = "<group>"; };
		FCE6A5E4154E7B2D0027A21A /* iOSHelper-Prefix.pch */ = {isa = PBXFileReference; lastKnownFileType = sourcecode.c.h; path = "iOSHelper-Prefix.pch"; sourceTree = "<group>"; };
		FCE6A5E5154E7B2D0027A21A /* AppDelegate.h */ = {isa = PBXFileReference; lastKnownFileType = sourcecode.c.h; path = AppDelegate.h; sourceTree = "<group>"; };
		FCE6A5E6154E7B2D0027A21A /* AppDelegate.m */ = {isa = PBXFileReference; lastKnownFileType = sourcecode.c.objc; path = AppDelegate.m; sourceTree = "<group>"; };
/* End PBXFileReference section */

/* Begin PBXFrameworksBuildPhase section */
		FCE6A5CF154E7B2D0027A21A /* Frameworks */ = {
			isa = PBXFrameworksBuildPhase;
			buildActionMask = 2147483647;
			files = (
				026C387518C0B3D4003B569A /* MobileCoreServices.framework in Frameworks */,
				026C387318C0B3CF003B569A /* ImageIO.framework in Frameworks */,
				029CF3DB176B154E00FA607E /* Accelerate.framework in Frameworks */,
				0227A2A61748D74A00CA6685 /* QuartzCore.framework in Frameworks */,
				FCE6A5D7154E7B2D0027A21A /* UIKit.framework in Frameworks */,
				FCE6A5D9154E7B2D0027A21A /* Foundation.framework in Frameworks */,
				FCE6A5DB154E7B2D0027A21A /* CoreGraphics.framework in Frameworks */,
			);
			runOnlyForDeploymentPostprocessing = 0;
		};
/* End PBXFrameworksBuildPhase section */

/* Begin PBXGroup section */
		0227A28A1748D5D000CA6685 /* Core */ = {
			isa = PBXGroup;
			children = (
				0227A28B1748D5D000CA6685 /* CGGeometry+KGAdditions.h */,
				0227A28C1748D5D000CA6685 /* KGMath.h */,
			);
			path = Core;
			sourceTree = "<group>";
		};
		0227A28D1748D5D000CA6685 /* UIKit */ = {
			isa = PBXGroup;
			children = (
				02E25E2318E187E1004D4C18 /* KGView.h */,
				02E25E2418E187E1004D4C18 /* KGView.m */,
				029D1FDF1771A0F60032A441 /* UIImage+DSP.h */,
				029D1FE01771A0F60032A441 /* UIImage+DSP.m */,
				029CF3D4176B0C7400FA607E /* UIImage+StackBlur.h */,
				029CF3D5176B0C7400FA607E /* UIImage+StackBlur.m */,
				029CF3D7176B0CAB00FA607E /* UIImage+Accelerate.h */,
				029CF3D8176B0CAB00FA607E /* UIImage+Accelerate.m */,
				0227A28E1748D5D000CA6685 /* UIColor+KGAdditions.h */,
				0227A28F1748D5D000CA6685 /* UIColor+KGAdditions.m */,
				0227A2901748D5D000CA6685 /* UIView+KGAdditions.h */,
				0227A2911748D5D000CA6685 /* UIView+KGAdditions.m */,
				0227A2921748D5D000CA6685 /* UIView+KGAnimations.h */,
				0227A2931748D5D000CA6685 /* UIView+KGAnimations.m */,
				0227A2941748D5D000CA6685 /* UIView+KGAutoresizing.h */,
				0227A2951748D5D000CA6685 /* UIView+KGHierarchy.h */,
				0227A2961748D5D000CA6685 /* UIView+KGHierarchy.m */,
				0227A2971748D5D000CA6685 /* UIView+KGInnerShadow.h */,
				0227A2981748D5D000CA6685 /* UIView+KGInnerShadow.m */,
				0227A2991748D5D000CA6685 /* UIView+KGNoise.h */,
				0227A29A1748D5D000CA6685 /* UIView+KGNoise.m */,
				0227A29B1748D5D000CA6685 /* UIView+Userdata.h */,
				0227A29C1748D5D000CA6685 /* UIView+Userdata.m */,
				02E25E2018E1854F004D4C18 /* UIButton+Image.h */,
				02E25E2118E1854F004D4C18 /* UIButton+Image.m */,
			);
			path = UIKit;
			sourceTree = "<group>";
		};
		0227A2A71748D7F500CA6685 /* Misc */ = {
			isa = PBXGroup;
			children = (
				02E25E2618E18DDC004D4C18 /* NSIndexPath+iOSHelper.h */,
				02E25E2718E18DDC004D4C18 /* NSIndexPath+iOSHelper.m */,
				025588CB18C60D40003AE47E /* KGMimeTypes.h */,
				025588CC18C60D40003AE47E /* KGMimeTypes.m */,
				0275A17817F08EBC008DFA7A /* NSURL+GETParameters.h */,
				0275A17917F08EBC008DFA7A /* NSURL+GETParameters.m */,
				025DB6201758D473007D81C0 /* NSString+KGAdditions.h */,
				025DB6211758D473007D81C0 /* NSString+KGAdditions.m */,
				02752F7217575539004ABF79 /* NSDate+KGAdditions.h */,
				02752F7317575539004ABF79 /* NSDate+KGAdditions.m */,
				0227A2A81748D7F500CA6685 /* KGTimeConverter.h */,
				0227A2A91748D7F500CA6685 /* KGTimeConverter.m */,
				0227A2AA1748D7F500CA6685 /* KGWindow.h */,
				0227A2AB1748D7F500CA6685 /* KGWindow.m */,
				0227A2AC1748D7F500CA6685 /* NSFileManager+KGiOSHelper.h */,
				0227A2AD1748D7F500CA6685 /* NSFileManager+KGiOSHelper.m */,
				02F8BCB5176092CF00DDAAD5 /* KGMacros.h */,
				0214CCFA176A046700F3F304 /* NSURL+KGAdditions.h */,
				0214CCFB176A046700F3F304 /* NSURL+KGAdditions.m */,
				0216562D186052B700906CBB /* KGDeviceInfo.h */,
				0216562E186052B700906CBB /* KGDeviceInfo.m */,
			);
			path = Misc;
			sourceTree = "<group>";
		};
		0234A270175A08E1006035C6 /* CoreGraphics */ = {
			isa = PBXGroup;
			children = (
				0234A271175A08E1006035C6 /* KGQuartzDrawing.h */,
				0234A272175A08E1006035C6 /* KGQuartzDrawing.m */,
			);
			path = CoreGraphics;
			sourceTree = "<group>";
		};
		0237E08417615C6300667727 /* Audio */ = {
			isa = PBXGroup;
			children = (
			);
			path = Audio;
			sourceTree = "<group>";
		};
		02B60708178EC1DB0078D790 /* Media */ = {
			isa = PBXGroup;
			children = (
				02B6070D178EC7FE0078D790 /* transparent.png */,
				02B6070B178EC7900078D790 /* test2.png */,
				02B60709178EC1DC0078D790 /* test.jpg */,
			);
			path = Media;
			sourceTree = "<group>";
		};
		02C5915E177D7F1C006FECD4 /* Subclasses */ = {
			isa = PBXGroup;
			children = (
				02C5915F177D7F1C006FECD4 /* KGDrawEraseImageView.h */,
				02C59160177D7F1C006FECD4 /* KGDrawEraseImageView.m */,
				02D68B631805713B00925B96 /* KGGradientView.h */,
				02D68B641805713B00925B96 /* KGGradientView.m */,
				021ADDC018081A3600F1C8B8 /* KGCircleProgressView.h */,
				021ADDC118081A3600F1C8B8 /* KGCircleProgressView.m */,
			);
			path = Subclasses;
			sourceTree = "<group>";
		};
		FCE6A5C7154E7B2D0027A21A = {
			isa = PBXGroup;
			children = (
				026C21B41746F8BD00F0DAA6 /* Default-568h@2x.png */,
				FCE6A5DC154E7B2D0027A21A /* iOSHelper */,
				FCE6A5D5154E7B2D0027A21A /* Frameworks */,
				FCE6A5D3154E7B2D0027A21A /* Products */,
			);
			sourceTree = "<group>";
		};
		FCE6A5D3154E7B2D0027A21A /* Products */ = {
			isa = PBXGroup;
			children = (
				FCE6A5D2154E7B2D0027A21A /* iOSHelper.app */,
			);
			name = Products;
			sourceTree = "<group>";
		};
		FCE6A5D5154E7B2D0027A21A /* Frameworks */ = {
			isa = PBXGroup;
			children = (
				026C387418C0B3D4003B569A /* MobileCoreServices.framework */,
				026C387218C0B3CF003B569A /* ImageIO.framework */,
				029CF3DA176B154E00FA607E /* Accelerate.framework */,
				0227A2A51748D74A00CA6685 /* QuartzCore.framework */,
				FCE6A5D6154E7B2D0027A21A /* UIKit.framework */,
				FCE6A5D8154E7B2D0027A21A /* Foundation.framework */,
				FCE6A5DA154E7B2D0027A21A /* CoreGraphics.framework */,
			);
			name = Frameworks;
			sourceTree = "<group>";
		};
		FCE6A5DC154E7B2D0027A21A /* iOSHelper */ = {
			isa = PBXGroup;
			children = (
				02B60708178EC1DB0078D790 /* Media */,
				FCE6A5E5154E7B2D0027A21A /* AppDelegate.h */,
				FCE6A5E6154E7B2D0027A21A /* AppDelegate.m */,
				FCE6A5FA154E7BB00027A21A /* Classes */,
				FCE6A5DD154E7B2D0027A21A /* Supporting Files */,
			);
			path = iOSHelper;
			sourceTree = "<group>";
		};
		FCE6A5DD154E7B2D0027A21A /* Supporting Files */ = {
			isa = PBXGroup;
			children = (
				029CF3D2176B0BDD00FA607E /* iOSHelper.podspec */,
				FCE6A5DE154E7B2D0027A21A /* iOSHelper-Info.plist */,
				FCE6A5DF154E7B2D0027A21A /* InfoPlist.strings */,
				FCE6A5E2154E7B2D0027A21A /* main.m */,
				FCE6A5E4154E7B2D0027A21A /* iOSHelper-Prefix.pch */,
			);
			name = "Supporting Files";
			sourceTree = "<group>";
		};
		FCE6A5FA154E7BB00027A21A /* Classes */ = {
			isa = PBXGroup;
			children = (
				02C5915E177D7F1C006FECD4 /* Subclasses */,
				0237E08417615C6300667727 /* Audio */,
				026C21B61746F91100F0DAA6 /* iOSHelper.h */,
				0234A270175A08E1006035C6 /* CoreGraphics */,
				0227A2A71748D7F500CA6685 /* Misc */,
				0227A28A1748D5D000CA6685 /* Core */,
				0227A28D1748D5D000CA6685 /* UIKit */,
			);
			path = Classes;
			sourceTree = "<group>";
		};
/* End PBXGroup section */

/* Begin PBXNativeTarget section */
		FCE6A5D1154E7B2D0027A21A /* iOSHelper */ = {
			isa = PBXNativeTarget;
			buildConfigurationList = FCE6A5F3154E7B2D0027A21A /* Build configuration list for PBXNativeTarget "iOSHelper" */;
			buildPhases = (
				FCE6A5CE154E7B2D0027A21A /* Sources */,
				FCE6A5CF154E7B2D0027A21A /* Frameworks */,
				FCE6A5D0154E7B2D0027A21A /* Resources */,
			);
			buildRules = (
			);
			dependencies = (
			);
			name = iOSHelper;
			productName = iOSHelper;
			productReference = FCE6A5D2154E7B2D0027A21A /* iOSHelper.app */;
			productType = "com.apple.product-type.application";
		};
/* End PBXNativeTarget section */

/* Begin PBXProject section */
		FCE6A5C9154E7B2D0027A21A /* Project object */ = {
			isa = PBXProject;
			attributes = {
				LastUpgradeCheck = 0610;
				ORGANIZATIONNAME = NOUS;
			};
			buildConfigurationList = FCE6A5CC154E7B2D0027A21A /* Build configuration list for PBXProject "iOSHelper" */;
			compatibilityVersion = "Xcode 3.2";
			developmentRegion = English;
			hasScannedForEncodings = 0;
			knownRegions = (
				en,
			);
			mainGroup = FCE6A5C7154E7B2D0027A21A;
			productRefGroup = FCE6A5D3154E7B2D0027A21A /* Products */;
			projectDirPath = "";
			projectRoot = "";
			targets = (
				FCE6A5D1154E7B2D0027A21A /* iOSHelper */,
			);
		};
/* End PBXProject section */

/* Begin PBXResourcesBuildPhase section */
		FCE6A5D0154E7B2D0027A21A /* Resources */ = {
			isa = PBXResourcesBuildPhase;
			buildActionMask = 2147483647;
			files = (
				FCE6A5E1154E7B2D0027A21A /* InfoPlist.strings in Resources */,
				026C21B51746F8BD00F0DAA6 /* Default-568h@2x.png in Resources */,
				029CF3D3176B0BDD00FA607E /* iOSHelper.podspec in Resources */,
				02B6070A178EC1DC0078D790 /* test.jpg in Resources */,
				02B6070C178EC7900078D790 /* test2.png in Resources */,
				02B6070E178EC7FE0078D790 /* transparent.png in Resources */,
			);
			runOnlyForDeploymentPostprocessing = 0;
		};
/* End PBXResourcesBuildPhase section */

/* Begin PBXSourcesBuildPhase section */
		FCE6A5CE154E7B2D0027A21A /* Sources */ = {
			isa = PBXSourcesBuildPhase;
			buildActionMask = 2147483647;
			files = (
				FCE6A5E3154E7B2D0027A21A /* main.m in Sources */,
				FCE6A5E7154E7B2D0027A21A /* AppDelegate.m in Sources */,
				0227A29D1748D5D000CA6685 /* UIColor+KGAdditions.m in Sources */,
				0227A29E1748D5D000CA6685 /* UIView+KGAdditions.m in Sources */,
				0227A29F1748D5D000CA6685 /* UIView+KGAnimations.m in Sources */,
				0227A2A01748D5D000CA6685 /* UIView+KGHierarchy.m in Sources */,
				021ADDC218081A3600F1C8B8 /* KGCircleProgressView.m in Sources */,
				025588CD18C60D40003AE47E /* KGMimeTypes.m in Sources */,
				0275A17A17F08EBC008DFA7A /* NSURL+GETParameters.m in Sources */,
				0227A2A11748D5D000CA6685 /* UIView+KGInnerShadow.m in Sources */,
				0227A2A21748D5D000CA6685 /* UIView+KGNoise.m in Sources */,
				0227A2A31748D5D000CA6685 /* UIView+Userdata.m in Sources */,
				0227A2AE1748D7F500CA6685 /* KGTimeConverter.m in Sources */,
				0227A2AF1748D7F500CA6685 /* KGWindow.m in Sources */,
				02D68B651805713B00925B96 /* KGGradientView.m in Sources */,
				0227A2B01748D7F500CA6685 /* NSFileManager+KGiOSHelper.m in Sources */,
				02752F7417575539004ABF79 /* NSDate+KGAdditions.m in Sources */,
				025DB6221758D473007D81C0 /* NSString+KGAdditions.m in Sources */,
				0234A273175A08E1006035C6 /* KGQuartzDrawing.m in Sources */,
				02E25E2218E1854F004D4C18 /* UIButton+Image.m in Sources */,
				02E25E2518E187E1004D4C18 /* KGView.m in Sources */,
				0214CCFC176A046700F3F304 /* NSURL+KGAdditions.m in Sources */,
				02E25E2818E18DDC004D4C18 /* NSIndexPath+iOSHelper.m in Sources */,
				029CF3D6176B0C7400FA607E /* UIImage+StackBlur.m in Sources */,
				029CF3D9176B0CAB00FA607E /* UIImage+Accelerate.m in Sources */,
				029D1FE11771A0F60032A441 /* UIImage+DSP.m in Sources */,
				02C59161177D7F1C006FECD4 /* KGDrawEraseImageView.m in Sources */,
				0216562F186052B700906CBB /* KGDeviceInfo.m in Sources */,
			);
			runOnlyForDeploymentPostprocessing = 0;
		};
/* End PBXSourcesBuildPhase section */

/* Begin PBXVariantGroup section */
		FCE6A5DF154E7B2D0027A21A /* InfoPlist.strings */ = {
			isa = PBXVariantGroup;
			children = (
				FCE6A5E0154E7B2D0027A21A /* en */,
			);
			name = InfoPlist.strings;
			sourceTree = "<group>";
		};
/* End PBXVariantGroup section */

/* Begin XCBuildConfiguration section */
		FCE6A5F1154E7B2D0027A21A /* Debug */ = {
			isa = XCBuildConfiguration;
			buildSettings = {
				ALWAYS_SEARCH_USER_PATHS = NO;
				CLANG_ENABLE_OBJC_ARC = YES;
				CLANG_WARN_BOOL_CONVERSION = YES;
				CLANG_WARN_CONSTANT_CONVERSION = YES;
				CLANG_WARN_EMPTY_BODY = YES;
				CLANG_WARN_ENUM_CONVERSION = YES;
				CLANG_WARN_INT_CONVERSION = YES;
				CLANG_WARN_UNREACHABLE_CODE = YES;
				CLANG_WARN__DUPLICATE_METHOD_MATCH = YES;
				"CODE_SIGN_IDENTITY[sdk=iphoneos*]" = "iPhone Developer";
				COPY_PHASE_STRIP = NO;
				ENABLE_STRICT_OBJC_MSGSEND = YES;
				GCC_C_LANGUAGE_STANDARD = gnu99;
				GCC_DYNAMIC_NO_PIC = NO;
				GCC_OPTIMIZATION_LEVEL = 0;
				GCC_PREPROCESSOR_DEFINITIONS = (
					"DEBUG=1",
					"$(inherited)",
				);
				GCC_SYMBOLS_PRIVATE_EXTERN = NO;
				GCC_VERSION = com.apple.compilers.llvm.clang.1_0;
				GCC_WARN_64_TO_32_BIT_CONVERSION = YES;
				GCC_WARN_ABOUT_RETURN_TYPE = YES;
				GCC_WARN_UNDECLARED_SELECTOR = YES;
				GCC_WARN_UNINITIALIZED_AUTOS = YES;
				GCC_WARN_UNUSED_FUNCTION = YES;
				GCC_WARN_UNUSED_VARIABLE = YES;
				IPHONEOS_DEPLOYMENT_TARGET = 5.1;
				ONLY_ACTIVE_ARCH = YES;
				SDKROOT = iphoneos;
				TARGETED_DEVICE_FAMILY = "1,2";
			};
			name = Debug;
		};
		FCE6A5F2154E7B2D0027A21A /* Release */ = {
			isa = XCBuildConfiguration;
			buildSettings = {
				ALWAYS_SEARCH_USER_PATHS = NO;
				CLANG_ENABLE_OBJC_ARC = YES;
				CLANG_WARN_BOOL_CONVERSION = YES;
				CLANG_WARN_CONSTANT_CONVERSION = YES;
				CLANG_WARN_EMPTY_BODY = YES;
				CLANG_WARN_ENUM_CONVERSION = YES;
				CLANG_WARN_INT_CONVERSION = YES;
				CLANG_WARN_UNREACHABLE_CODE = YES;
				CLANG_WARN__DUPLICATE_METHOD_MATCH = YES;
				"CODE_SIGN_IDENTITY[sdk=iphoneos*]" = "iPhone Developer";
				COPY_PHASE_STRIP = YES;
				ENABLE_STRICT_OBJC_MSGSEND = YES;
				GCC_C_LANGUAGE_STANDARD = gnu99;
				GCC_VERSION = com.apple.compilers.llvm.clang.1_0;
				GCC_WARN_64_TO_32_BIT_CONVERSION = YES;
				GCC_WARN_ABOUT_RETURN_TYPE = YES;
				GCC_WARN_UNDECLARED_SELECTOR = YES;
				GCC_WARN_UNINITIALIZED_AUTOS = YES;
				GCC_WARN_UNUSED_FUNCTION = YES;
				GCC_WARN_UNUSED_VARIABLE = YES;
				IPHONEOS_DEPLOYMENT_TARGET = 5.1;
				OTHER_CFLAGS = "-DNS_BLOCK_ASSERTIONS=1";
				SDKROOT = iphoneos;
				TARGETED_DEVICE_FAMILY = "1,2";
				VALIDATE_PRODUCT = YES;
			};
			name = Release;
		};
		FCE6A5F4154E7B2D0027A21A /* Debug */ = {
			isa = XCBuildConfiguration;
			buildSettings = {
				CODE_SIGN_IDENTITY = "iPhone Developer: Max Heingärtner (8M4PHHL7WN)";
				GCC_PRECOMPILE_PREFIX_HEADER = YES;
				GCC_PREFIX_HEADER = "iOSHelper/iOSHelper-Prefix.pch";
				INFOPLIST_FILE = "iOSHelper/iOSHelper-Info.plist";
				IPHONEOS_DEPLOYMENT_TARGET = 5.0;
				PRODUCT_NAME = "$(TARGET_NAME)";
				PROVISIONING_PROFILE = "ac30bde2-d2fe-481f-a61d-6aa1fbf58402";
				WRAPPER_EXTENSION = app;
			};
			name = Debug;
		};
		FCE6A5F5154E7B2D0027A21A /* Release */ = {
			isa = XCBuildConfiguration;
			buildSettings = {
				CODE_SIGN_IDENTITY = "iPhone Developer: Max Heingärtner (8M4PHHL7WN)";
				GCC_PRECOMPILE_PREFIX_HEADER = YES;
				GCC_PREFIX_HEADER = "iOSHelper/iOSHelper-Prefix.pch";
				INFOPLIST_FILE = "iOSHelper/iOSHelper-Info.plist";
				IPHONEOS_DEPLOYMENT_TARGET = 5.0;
				PRODUCT_NAME = "$(TARGET_NAME)";
				PROVISIONING_PROFILE = "ac30bde2-d2fe-481f-a61d-6aa1fbf58402";
				WRAPPER_EXTENSION = app;
			};
			name = Release;
		};
/* End XCBuildConfiguration section */

/* Begin XCConfigurationList section */
		FCE6A5CC154E7B2D0027A21A /* Build configuration list for PBXProject "iOSHelper" */ = {
			isa = XCConfigurationList;
			buildConfigurations = (
				FCE6A5F1154E7B2D0027A21A /* Debug */,
				FCE6A5F2154E7B2D0027A21A /* Release */,
			);
			defaultConfigurationIsVisible = 0;
			defaultConfigurationName = Release;
		};
		FCE6A5F3154E7B2D0027A21A /* Build configuration list for PBXNativeTarget "iOSHelper" */ = {
			isa = XCConfigurationList;
			buildConfigurations = (
				FCE6A5F4154E7B2D0027A21A /* Debug */,
				FCE6A5F5154E7B2D0027A21A /* Release */,
			);
			defaultConfigurationIsVisible = 0;
			defaultConfigurationName = Release;
		};
/* End XCConfigurationList section */
	};
	rootObject = FCE6A5C9154E7B2D0027A21A /* Project object */;
}
