// !$*UTF8*$!
{
	archiveVersion = 1;
	classes = {
	};
	objectVersion = 46;
	objects = {

/* Begin PBXBuildFile section */
		0214CCFC176A046700F3F304 /* NSURL+KGAdditions.m in Sources */ = {isa = PBXBuildFile; fileRef = 0214CCFB176A046700F3F304 /* NSURL+KGAdditions.m */; };
		0227A29D1748D5D000CA6685 /* UIColor+KGAdditions.m in Sources */ = {isa = PBXBuildFile; fileRef = 0227A28F1748D5D000CA6685 /* UIColor+KGAdditions.m */; };
		0227A29E1748D5D000CA6685 /* UIView+KGAdditions.m in Sources */ = {isa = PBXBuildFile; fileRef = 0227A2911748D5D000CA6685 /* UIView+KGAdditions.m */; };
		0227A29F1748D5D000CA6685 /* UIView+KGAnimations.m in Sources */ = {isa = PBXBuildFile; fileRef = 0227A2931748D5D000CA6685 /* UIView+KGAnimations.m */; };
		0227A2A01748D5D000CA6685 /* UIView+KGHierarchy.m in Sources */ = {isa = PBXBuildFile; fileRef = 0227A2961748D5D000CA6685 /* UIView+KGHierarchy.m */; };
		0227A2A11748D5D000CA6685 /* UIView+KGInnerShadow.m in Sources */ = {isa = PBXBuildFile; fileRef = 0227A2981748D5D000CA6685 /* UIView+KGInnerShadow.m */; };
		0227A2A21748D5D000CA6685 /* UIView+KGNoise.m in Sources */ = {isa = PBXBuildFile; fileRef = 0227A29A1748D5D000CA6685 /* UIView+KGNoise.m */; };
		0227A2A31748D5D000CA6685 /* UIView+Userdata.m in Sources */ = {isa = PBXBuildFile; fileRef = 0227A29C1748D5D000CA6685 /* UIView+Userdata.m */; };
		0227A2A61748D74A00CA6685 /* QuartzCore.framework in Frameworks */ = {isa = PBXBuildFile; fileRef = 0227A2A51748D74A00CA6685 /* QuartzCore.framework */; };
		0227A2AE1748D7F500CA6685 /* KGTimeConverter.m in Sources */ = {isa = PBXBuildFile; fileRef = 0227A2A91748D7F500CA6685 /* KGTimeConverter.m */; };
		0227A2AF1748D7F500CA6685 /* KGWindow.m in Sources */ = {isa = PBXBuildFile; fileRef = 0227A2AB1748D7F500CA6685 /* KGWindow.m */; };
		0227A2B01748D7F500CA6685 /* NSFileManager+KGiOSHelper.m in Sources */ = {isa = PBXBuildFile; fileRef = 0227A2AD1748D7F500CA6685 /* NSFileManager+KGiOSHelper.m */; };
		0234A273175A08E1006035C6 /* KGQuartzDrawing.m in Sources */ = {isa = PBXBuildFile; fileRef = 0234A272175A08E1006035C6 /* KGQuartzDrawing.m */; };
		025DB6221758D473007D81C0 /* NSString+KGAdditions.m in Sources */ = {isa = PBXBuildFile; fileRef = 025DB6211758D473007D81C0 /* NSString+KGAdditions.m */; };
		026C21B51746F8BD00F0DAA6 /* Default-568h@2x.png in Resources */ = {isa = PBXBuildFile; fileRef = 026C21B41746F8BD00F0DAA6 /* Default-568h@2x.png */; };
		02752F7417575539004ABF79 /* NSDate+KGAdditions.m in Sources */ = {isa = PBXBuildFile; fileRef = 02752F7317575539004ABF79 /* NSDate+KGAdditions.m */; };
		FCE6A5D7154E7B2D0027A21A /* UIKit.framework in Frameworks */ = {isa = PBXBuildFile; fileRef = FCE6A5D6154E7B2D0027A21A /* UIKit.framework */; };
		FCE6A5D9154E7B2D0027A21A /* Foundation.framework in Frameworks */ = {isa = PBXBuildFile; fileRef = FCE6A5D8154E7B2D0027A21A /* Foundation.framework */; };
		FCE6A5DB154E7B2D0027A21A /* CoreGraphics.framework in Frameworks */ = {isa = PBXBuildFile; fileRef = FCE6A5DA154E7B2D0027A21A /* CoreGraphics.framework */; };
		FCE6A5E1154E7B2D0027A21A /* InfoPlist.strings in Resources */ = {isa = PBXBuildFile; fileRef = FCE6A5DF154E7B2D0027A21A /* InfoPlist.strings */; };
		FCE6A5E3154E7B2D0027A21A /* main.m in Sources */ = {isa = PBXBuildFile; fileRef = FCE6A5E2154E7B2D0027A21A /* main.m */; };
		FCE6A5E7154E7B2D0027A21A /* AppDelegate.m in Sources */ = {isa = PBXBuildFile; fileRef = FCE6A5E6154E7B2D0027A21A /* AppDelegate.m */; };
/* End PBXBuildFile section */

/* Begin PBXFileReference section */
		0214CCFA176A046700F3F304 /* NSURL+KGAdditions.h */ = {isa = PBXFileReference; fileEncoding = 4; lastKnownFileType = sourcecode.c.h; path = "NSURL+KGAdditions.h"; sourceTree = "<group>"; };
		0214CCFB176A046700F3F304 /* NSURL+KGAdditions.m */ = {isa = PBXFileReference; fileEncoding = 4; lastKnownFileType = sourcecode.c.objc; path = "NSURL+KGAdditions.m"; sourceTree = "<group>"; };
		0227A28B1748D5D000CA6685 /* CGGeometry+KGAdditions.h */ = {isa = PBXFileReference; fileEncoding = 4; lastKnownFileType = sourcecode.c.h; path = "CGGeometry+KGAdditions.h"; sourceTree = "<group>"; };
		0227A28C1748D5D000CA6685 /* KGMath.h */ = {isa = PBXFileReference; fileEncoding = 4; lastKnownFileType = sourcecode.c.h; path = KGMath.h; sourceTree = "<group>"; };
		0227A28E1748D5D000CA6685 /* UIColor+KGAdditions.h */ = {isa = PBXFileReference; fileEncoding = 4; lastKnownFileType = sourcecode.c.h; path = "UIColor+KGAdditions.h"; sourceTree = "<group>"; };
		0227A28F1748D5D000CA6685 /* UIColor+KGAdditions.m */ = {isa = PBXFileReference; fileEncoding = 4; lastKnownFileType = sourcecode.c.objc; path = "UIColor+KGAdditions.m"; sourceTree = "<group>"; };
		0227A2901748D5D000CA6685 /* UIView+KGAdditions.h */ = {isa = PBXFileReference; fileEncoding = 4; lastKnownFileType = sourcecode.c.h; path = "UIView+KGAdditions.h"; sourceTree = "<group>"; };
		0227A2911748D5D000CA6685 /* UIView+KGAdditions.m */ = {isa = PBXFileReference; fileEncoding = 4; lastKnownFileType = sourcecode.c.objc; path = "UIView+KGAdditions.m"; sourceTree = "<group>"; };
		0227A2921748D5D000CA6685 /* UIView+KGAnimations.h */ = {isa = PBXFileReference; fileEncoding = 4; lastKnownFileType = sourcecode.c.h; path = "UIView+KGAnimations.h"; sourceTree = "<group>"; };
		0227A2931748D5D000CA6685 /* UIView+KGAnimations.m */ = {isa = PBXFileReference; fileEncoding = 4; lastKnownFileType = sourcecode.c.objc; path = "UIView+KGAnimations.m"; sourceTree = "<group>"; };
		0227A2941748D5D000CA6685 /* UIView+KGAutoresizing.h */ = {isa = PBXFileReference; fileEncoding = 4; lastKnownFileType = sourcecode.c.h; path = "UIView+KGAutoresizing.h"; sourceTree = "<group>"; };
		0227A2951748D5D000CA6685 /* UIView+KGHierarchy.h */ = {isa = PBXFileReference; fileEncoding = 4; lastKnownFileType = sourcecode.c.h; path = "UIView+KGHierarchy.h"; sourceTree = "<group>"; };
		0227A2961748D5D000CA6685 /* UIView+KGHierarchy.m */ = {isa = PBXFileReference; fileEncoding = 4; lastKnownFileType = sourcecode.c.objc; path = "UIView+KGHierarchy.m"; sourceTree = "<group>"; };
		0227A2971748D5D000CA6685 /* UIView+KGInnerShadow.h */ = {isa = PBXFileReference; fileEncoding = 4; lastKnownFileType = sourcecode.c.h; path = "UIView+KGInnerShadow.h"; sourceTree = "<group>"; };
		0227A2981748D5D000CA6685 /* UIView+KGInnerShadow.m */ = {isa = PBXFileReference; fileEncoding = 4; lastKnownFileType = sourcecode.c.objc; path = "UIView+KGInnerShadow.m"; sourceTree = "<group>"; };
		0227A2991748D5D000CA6685 /* UIView+KGNoise.h */ = {isa = PBXFileReference; fileEncoding = 4; lastKnownFileType = sourcecode.c.h; path = "UIView+KGNoise.h"; sourceTree = "<group>"; };
		0227A29A1748D5D000CA6685 /* UIView+KGNoise.m */ = {isa = PBXFileReference; fileEncoding = 4; lastKnownFileType = sourcecode.c.objc; path = "UIView+KGNoise.m"; sourceTree = "<group>"; };
		0227A29B1748D5D000CA6685 /* UIView+Userdata.h */ = {isa = PBXFileReference; fileEncoding = 4; lastKnownFileType = sourcecode.c.h; path = "UIView+Userdata.h"; sourceTree = "<group>"; };
		0227A29C1748D5D000CA6685 /* UIView+Userdata.m */ = {isa = PBXFileReference; fileEncoding = 4; lastKnownFileType = sourcecode.c.objc; path = "UIView+Userdata.m"; sourceTree = "<group>"; };
		0227A2A51748D74A00CA6685 /* QuartzCore.framework */ = {isa = PBXFileReference; lastKnownFileType = wrapper.framework; name = QuartzCore.framework; path = System/Library/Frameworks/QuartzCore.framework; sourceTree = SDKROOT; };
		0227A2A81748D7F500CA6685 /* KGTimeConverter.h */ = {isa = PBXFileReference; fileEncoding = 4; lastKnownFileType = sourcecode.c.h; path = KGTimeConverter.h; sourceTree = "<group>"; };
		0227A2A91748D7F500CA6685 /* KGTimeConverter.m */ = {isa = PBXFileReference; fileEncoding = 4; lastKnownFileType = sourcecode.c.objc; path = KGTimeConverter.m; sourceTree = "<group>"; };
		0227A2AA1748D7F500CA6685 /* KGWindow.h */ = {isa = PBXFileReference; fileEncoding = 4; lastKnownFileType = sourcecode.c.h; path = KGWindow.h; sourceTree = "<group>"; };
		0227A2AB1748D7F500CA6685 /* KGWindow.m */ = {isa = PBXFileReference; fileEncoding = 4; lastKnownFileType = sourcecode.c.objc; path = KGWindow.m; sourceTree = "<group>"; };
		0227A2AC1748D7F500CA6685 /* NSFileManager+KGiOSHelper.h */ = {isa = PBXFileReference; fileEncoding = 4; lastKnownFileType = sourcecode.c.h; path = "NSFileManager+KGiOSHelper.h"; sourceTree = "<group>"; };
		0227A2AD1748D7F500CA6685 /* NSFileManager+KGiOSHelper.m */ = {isa = PBXFileReference; fileEncoding = 4; lastKnownFileType = sourcecode.c.objc; path = "NSFileManager+KGiOSHelper.m"; sourceTree = "<group>"; };
		0234A271175A08E1006035C6 /* KGQuartzDrawing.h */ = {isa = PBXFileReference; fileEncoding = 4; lastKnownFileType = sourcecode.c.h; path = KGQuartzDrawing.h; sourceTree = "<group>"; };
		0234A272175A08E1006035C6 /* KGQuartzDrawing.m */ = {isa = PBXFileReference; fileEncoding = 4; lastKnownFileType = sourcecode.c.objc; path = KGQuartzDrawing.m; sourceTree = "<group>"; };
		025DB6201758D473007D81C0 /* NSString+KGAdditions.h */ = {isa = PBXFileReference; fileEncoding = 4; lastKnownFileType = sourcecode.c.h; path = "NSString+KGAdditions.h"; sourceTree = "<group>"; };
		025DB6211758D473007D81C0 /* NSString+KGAdditions.m */ = {isa = PBXFileReference; fileEncoding = 4; lastKnownFileType = sourcecode.c.objc; path = "NSString+KGAdditions.m"; sourceTree = "<group>"; };
		026C21B41746F8BD00F0DAA6 /* Default-568h@2x.png */ = {isa = PBXFileReference; lastKnownFileType = image.png; path = "Default-568h@2x.png"; sourceTree = "<group>"; };
		026C21B61746F91100F0DAA6 /* iOSHelper.h */ = {isa = PBXFileReference; lastKnownFileType = sourcecode.c.h; path = iOSHelper.h; sourceTree = "<group>"; };
		02752F7217575539004ABF79 /* NSDate+KGAdditions.h */ = {isa = PBXFileReference; fileEncoding = 4; lastKnownFileType = sourcecode.c.h; path = "NSDate+KGAdditions.h"; sourceTree = "<group>"; };
		02752F7317575539004ABF79 /* NSDate+KGAdditions.m */ = {isa = PBXFileReference; fileEncoding = 4; lastKnownFileType = sourcecode.c.objc; path = "NSDate+KGAdditions.m"; sourceTree = "<group>"; };
		02F8BCB5176092CF00DDAAD5 /* KGMacros.h */ = {isa = PBXFileReference; lastKnownFileType = sourcecode.c.h; path = KGMacros.h; sourceTree = "<group>"; };
		FCE6A5D2154E7B2D0027A21A /* iOSHelper.app */ = {isa = PBXFileReference; explicitFileType = wrapper.application; includeInIndex = 0; path = iOSHelper.app; sourceTree = BUILT_PRODUCTS_DIR; };
		FCE6A5D6154E7B2D0027A21A /* UIKit.framework */ = {isa = PBXFileReference; lastKnownFileType = wrapper.framework; name = UIKit.framework; path = System/Library/Frameworks/UIKit.framework; sourceTree = SDKROOT; };
		FCE6A5D8154E7B2D0027A21A /* Foundation.framework */ = {isa = PBXFileReference; lastKnownFileType = wrapper.framework; name = Foundation.framework; path = System/Library/Frameworks/Foundation.framework; sourceTree = SDKROOT; };
		FCE6A5DA154E7B2D0027A21A /* CoreGraphics.framework */ = {isa = PBXFileReference; lastKnownFileType = wrapper.framework; name = CoreGraphics.framework; path = System/Library/Frameworks/CoreGraphics.framework; sourceTree = SDKROOT; };
		FCE6A5DE154E7B2D0027A21A /* iOSHelper-Info.plist */ = {isa = PBXFileReference; lastKnownFileType = text.plist.xml; path = "iOSHelper-Info.plist"; sourceTree = "<group>"; };
		FCE6A5E0154E7B2D0027A21A /* en */ = {isa = PBXFileReference; lastKnownFileType = text.plist.strings; name = en; path = en.lproj/InfoPlist.strings; sourceTree = "<group>"; };
		FCE6A5E2154E7B2D0027A21A /* main.m */ = {isa = PBXFileReference; lastKnownFileType = sourcecode.c.objc; path = main.m; sourceTree = "<group>"; };
		FCE6A5E4154E7B2D0027A21A /* iOSHelper-Prefix.pch */ = {isa = PBXFileReference; lastKnownFileType = sourcecode.c.h; path = "iOSHelper-Prefix.pch"; sourceTree = "<group>"; };
		FCE6A5E5154E7B2D0027A21A /* AppDelegate.h */ = {isa = PBXFileReference; lastKnownFileType = sourcecode.c.h; path = AppDelegate.h; sourceTree = "<group>"; };
		FCE6A5E6154E7B2D0027A21A /* AppDelegate.m */ = {isa = PBXFileReference; lastKnownFileType = sourcecode.c.objc; path = AppDelegate.m; sourceTree = "<group>"; };
/* End PBXFileReference section */

/* Begin PBXFrameworksBuildPhase section */
		FCE6A5CF154E7B2D0027A21A /* Frameworks */ = {
			isa = PBXFrameworksBuildPhase;
			buildActionMask = 2147483647;
			files = (
				0227A2A61748D74A00CA6685 /* QuartzCore.framework in Frameworks */,
				FCE6A5D7154E7B2D0027A21A /* UIKit.framework in Frameworks */,
				FCE6A5D9154E7B2D0027A21A /* Foundation.framework in Frameworks */,
				FCE6A5DB154E7B2D0027A21A /* CoreGraphics.framework in Frameworks */,
			);
			runOnlyForDeploymentPostprocessing = 0;
		};
/* End PBXFrameworksBuildPhase section */

/* Begin PBXGroup section */
		0227A28A1748D5D000CA6685 /* Core */ = {
			isa = PBXGroup;
			children = (
				0227A28B1748D5D000CA6685 /* CGGeometry+KGAdditions.h */,
				0227A28C1748D5D000CA6685 /* KGMath.h */,
			);
			path = Core;
			sourceTree = "<group>";
		};
		0227A28D1748D5D000CA6685 /* UIKit */ = {
			isa = PBXGroup;
			children = (
				0227A28E1748D5D000CA6685 /* UIColor+KGAdditions.h */,
				0227A28F1748D5D000CA6685 /* UIColor+KGAdditions.m */,
				0227A2901748D5D000CA6685 /* UIView+KGAdditions.h */,
				0227A2911748D5D000CA6685 /* UIView+KGAdditions.m */,
				0227A2921748D5D000CA6685 /* UIView+KGAnimations.h */,
				0227A2931748D5D000CA6685 /* UIView+KGAnimations.m */,
				0227A2941748D5D000CA6685 /* UIView+KGAutoresizing.h */,
				0227A2951748D5D000CA6685 /* UIView+KGHierarchy.h */,
				0227A2961748D5D000CA6685 /* UIView+KGHierarchy.m */,
				0227A2971748D5D000CA6685 /* UIView+KGInnerShadow.h */,
				0227A2981748D5D000CA6685 /* UIView+KGInnerShadow.m */,
				0227A2991748D5D000CA6685 /* UIView+KGNoise.h */,
				0227A29A1748D5D000CA6685 /* UIView+KGNoise.m */,
				0227A29B1748D5D000CA6685 /* UIView+Userdata.h */,
				0227A29C1748D5D000CA6685 /* UIView+Userdata.m */,
			);
			path = UIKit;
			sourceTree = "<group>";
		};
		0227A2A71748D7F500CA6685 /* Misc */ = {
			isa = PBXGroup;
			children = (
				025DB6201758D473007D81C0 /* NSString+KGAdditions.h */,
				025DB6211758D473007D81C0 /* NSString+KGAdditions.m */,
				02752F7217575539004ABF79 /* NSDate+KGAdditions.h */,
				02752F7317575539004ABF79 /* NSDate+KGAdditions.m */,
				0227A2A81748D7F500CA6685 /* KGTimeConverter.h */,
				0227A2A91748D7F500CA6685 /* KGTimeConverter.m */,
				0227A2AA1748D7F500CA6685 /* KGWindow.h */,
				0227A2AB1748D7F500CA6685 /* KGWindow.m */,
				0227A2AC1748D7F500CA6685 /* NSFileManager+KGiOSHelper.h */,
				0227A2AD1748D7F500CA6685 /* NSFileManager+KGiOSHelper.m */,
				02F8BCB5176092CF00DDAAD5 /* KGMacros.h */,
				0214CCFA176A046700F3F304 /* NSURL+KGAdditions.h */,
				0214CCFB176A046700F3F304 /* NSURL+KGAdditions.m */,
			);
			path = Misc;
			sourceTree = "<group>";
		};
		0234A270175A08E1006035C6 /* CoreGraphics */ = {
			isa = PBXGroup;
			children = (
				0234A271175A08E1006035C6 /* KGQuartzDrawing.h */,
				0234A272175A08E1006035C6 /* KGQuartzDrawing.m */,
			);
			path = CoreGraphics;
			sourceTree = "<group>";
		};
		0237E08417615C6300667727 /* Audio */ = {
			isa = PBXGroup;
			children = (
			);
			path = Audio;
			sourceTree = "<group>";
		};
		FCE6A5C7154E7B2D0027A21A = {
			isa = PBXGroup;
			children = (
				026C21B41746F8BD00F0DAA6 /* Default-568h@2x.png */,
				FCE6A5DC154E7B2D0027A21A /* iOSHelper */,
				FCE6A5D5154E7B2D0027A21A /* Frameworks */,
				FCE6A5D3154E7B2D0027A21A /* Products */,
			);
			sourceTree = "<group>";
		};
		FCE6A5D3154E7B2D0027A21A /* Products */ = {
			isa = PBXGroup;
			children = (
				FCE6A5D2154E7B2D0027A21A /* iOSHelper.app */,
			);
			name = Products;
			sourceTree = "<group>";
		};
		FCE6A5D5154E7B2D0027A21A /* Frameworks */ = {
			isa = PBXGroup;
			children = (
				0227A2A51748D74A00CA6685 /* QuartzCore.framework */,
				FCE6A5D6154E7B2D0027A21A /* UIKit.framework */,
				FCE6A5D8154E7B2D0027A21A /* Foundation.framework */,
				FCE6A5DA154E7B2D0027A21A /* CoreGraphics.framework */,
			);
			name = Frameworks;
			sourceTree = "<group>";
		};
		FCE6A5DC154E7B2D0027A21A /* iOSHelper */ = {
			isa = PBXGroup;
			children = (
				FCE6A5E5154E7B2D0027A21A /* AppDelegate.h */,
				FCE6A5E6154E7B2D0027A21A /* AppDelegate.m */,
				FCE6A5FA154E7BB00027A21A /* Classes */,
				FCE6A5DD154E7B2D0027A21A /* Supporting Files */,
			);
			path = iOSHelper;
			sourceTree = "<group>";
		};
		FCE6A5DD154E7B2D0027A21A /* Supporting Files */ = {
			isa = PBXGroup;
			children = (
				FCE6A5DE154E7B2D0027A21A /* iOSHelper-Info.plist */,
				FCE6A5DF154E7B2D0027A21A /* InfoPlist.strings */,
				FCE6A5E2154E7B2D0027A21A /* main.m */,
				FCE6A5E4154E7B2D0027A21A /* iOSHelper-Prefix.pch */,
			);
			name = "Supporting Files";
			sourceTree = "<group>";
		};
		FCE6A5FA154E7BB00027A21A /* Classes */ = {
			isa = PBXGroup;
			children = (
				0237E08417615C6300667727 /* Audio */,
				026C21B61746F91100F0DAA6 /* iOSHelper.h */,
				0234A270175A08E1006035C6 /* CoreGraphics */,
				0227A2A71748D7F500CA6685 /* Misc */,
				0227A28A1748D5D000CA6685 /* Core */,
				0227A28D1748D5D000CA6685 /* UIKit */,
			);
			path = Classes;
			sourceTree = "<group>";
		};
/* End PBXGroup section */

/* Begin PBXNativeTarget section */
		FCE6A5D1154E7B2D0027A21A /* iOSHelper */ = {
			isa = PBXNativeTarget;
			buildConfigurationList = FCE6A5F3154E7B2D0027A21A /* Build configuration list for PBXNativeTarget "iOSHelper" */;
			buildPhases = (
				FCE6A5CE154E7B2D0027A21A /* Sources */,
				FCE6A5CF154E7B2D0027A21A /* Frameworks */,
				FCE6A5D0154E7B2D0027A21A /* Resources */,
			);
			buildRules = (
			);
			dependencies = (
			);
			name = iOSHelper;
			productName = iOSHelper;
			productReference = FCE6A5D2154E7B2D0027A21A /* iOSHelper.app */;
			productType = "com.apple.product-type.application";
		};
/* End PBXNativeTarget section */

/* Begin PBXProject section */
		FCE6A5C9154E7B2D0027A21A /* Project object */ = {
			isa = PBXProject;
			attributes = {
				LastUpgradeCheck = 0460;
				ORGANIZATIONNAME = NOUS;
			};
			buildConfigurationList = FCE6A5CC154E7B2D0027A21A /* Build configuration list for PBXProject "iOSHelper" */;
			compatibilityVersion = "Xcode 3.2";
			developmentRegion = English;
			hasScannedForEncodings = 0;
			knownRegions = (
				en,
			);
			mainGroup = FCE6A5C7154E7B2D0027A21A;
			productRefGroup = FCE6A5D3154E7B2D0027A21A /* Products */;
			projectDirPath = "";
			projectRoot = "";
			targets = (
				FCE6A5D1154E7B2D0027A21A /* iOSHelper */,
			);
		};
/* End PBXProject section */

/* Begin PBXResourcesBuildPhase section */
		FCE6A5D0154E7B2D0027A21A /* Resources */ = {
			isa = PBXResourcesBuildPhase;
			buildActionMask = 2147483647;
			files = (
				FCE6A5E1154E7B2D0027A21A /* InfoPlist.strings in Resources */,
				026C21B51746F8BD00F0DAA6 /* Default-568h@2x.png in Resources */,
			);
			runOnlyForDeploymentPostprocessing = 0;
		};
/* End PBXResourcesBuildPhase section */

/* Begin PBXSourcesBuildPhase section */
		FCE6A5CE154E7B2D0027A21A /* Sources */ = {
			isa = PBXSourcesBuildPhase;
			buildActionMask = 2147483647;
			files = (
				FCE6A5E3154E7B2D0027A21A /* main.m in Sources */,
				FCE6A5E7154E7B2D0027A21A /* AppDelegate.m in Sources */,
				0227A29D1748D5D000CA6685 /* UIColor+KGAdditions.m in Sources */,
				0227A29E1748D5D000CA6685 /* UIView+KGAdditions.m in Sources */,
				0227A29F1748D5D000CA6685 /* UIView+KGAnimations.m in Sources */,
				0227A2A01748D5D000CA6685 /* UIView+KGHierarchy.m in Sources */,
				0227A2A11748D5D000CA6685 /* UIView+KGInnerShadow.m in Sources */,
				0227A2A21748D5D000CA6685 /* UIView+KGNoise.m in Sources */,
				0227A2A31748D5D000CA6685 /* UIView+Userdata.m in Sources */,
				0227A2AE1748D7F500CA6685 /* KGTimeConverter.m in Sources */,
				0227A2AF1748D7F500CA6685 /* KGWindow.m in Sources */,
				0227A2B01748D7F500CA6685 /* NSFileManager+KGiOSHelper.m in Sources */,
				02752F7417575539004ABF79 /* NSDate+KGAdditions.m in Sources */,
				025DB6221758D473007D81C0 /* NSString+KGAdditions.m in Sources */,
				0234A273175A08E1006035C6 /* KGQuartzDrawing.m in Sources */,
				0214CCFC176A046700F3F304 /* NSURL+KGAdditions.m in Sources */,
			);
			runOnlyForDeploymentPostprocessing = 0;
		};
/* End PBXSourcesBuildPhase section */

/* Begin PBXVariantGroup section */
		FCE6A5DF154E7B2D0027A21A /* InfoPlist.strings */ = {
			isa = PBXVariantGroup;
			children = (
				FCE6A5E0154E7B2D0027A21A /* en */,
			);
			name = InfoPlist.strings;
			sourceTree = "<group>";
		};
/* End PBXVariantGroup section */

/* Begin XCBuildConfiguration section */
		FCE6A5F1154E7B2D0027A21A /* Debug */ = {
			isa = XCBuildConfiguration;
			buildSettings = {
				ALWAYS_SEARCH_USER_PATHS = NO;
				ARCHS = "$(ARCHS_STANDARD_32_BIT)";
				CLANG_ENABLE_OBJC_ARC = YES;
				CLANG_WARN_CONSTANT_CONVERSION = YES;
				CLANG_WARN_ENUM_CONVERSION = YES;
				CLANG_WARN_INT_CONVERSION = YES;
				CLANG_WARN__DUPLICATE_METHOD_MATCH = YES;
				"CODE_SIGN_IDENTITY[sdk=iphoneos*]" = "iPhone Developer";
				COPY_PHASE_STRIP = NO;
				GCC_C_LANGUAGE_STANDARD = gnu99;
				GCC_DYNAMIC_NO_PIC = NO;
				GCC_OPTIMIZATION_LEVEL = 0;
				GCC_PREPROCESSOR_DEFINITIONS = (
					"DEBUG=1",
					"$(inherited)",
				);
				GCC_SYMBOLS_PRIVATE_EXTERN = NO;
				GCC_VERSION = com.apple.compilers.llvm.clang.1_0;
				GCC_WARN_ABOUT_RETURN_TYPE = YES;
				GCC_WARN_UNINITIALIZED_AUTOS = YES;
				GCC_WARN_UNUSED_VARIABLE = YES;
				IPHONEOS_DEPLOYMENT_TARGET = 5.1;
				SDKROOT = iphoneos;
				TARGETED_DEVICE_FAMILY = "1,2";
			};
			name = Debug;
		};
		FCE6A5F2154E7B2D0027A21A /* Release */ = {
			isa = XCBuildConfiguration;
			buildSettings = {
				ALWAYS_SEARCH_USER_PATHS = NO;
				ARCHS = "$(ARCHS_STANDARD_32_BIT)";
				CLANG_ENABLE_OBJC_ARC = YES;
				CLANG_WARN_CONSTANT_CONVERSION = YES;
				CLANG_WARN_ENUM_CONVERSION = YES;
				CLANG_WARN_INT_CONVERSION = YES;
				CLANG_WARN__DUPLICATE_METHOD_MATCH = YES;
				"CODE_SIGN_IDENTITY[sdk=iphoneos*]" = "iPhone Developer";
				COPY_PHASE_STRIP = YES;
				GCC_C_LANGUAGE_STANDARD = gnu99;
				GCC_VERSION = com.apple.compilers.llvm.clang.1_0;
				GCC_WARN_ABOUT_RETURN_TYPE = YES;
				GCC_WARN_UNINITIALIZED_AUTOS = YES;
				GCC_WARN_UNUSED_VARIABLE = YES;
				IPHONEOS_DEPLOYMENT_TARGET = 5.1;
				OTHER_CFLAGS = "-DNS_BLOCK_ASSERTIONS=1";
				SDKROOT = iphoneos;
				TARGETED_DEVICE_FAMILY = "1,2";
				VALIDATE_PRODUCT = YES;
			};
			name = Release;
		};
		FCE6A5F4154E7B2D0027A21A /* Debug */ = {
			isa = XCBuildConfiguration;
			buildSettings = {
				GCC_PRECOMPILE_PREFIX_HEADER = YES;
				GCC_PREFIX_HEADER = "iOSHelper/iOSHelper-Prefix.pch";
				INFOPLIST_FILE = "iOSHelper/iOSHelper-Info.plist";
				IPHONEOS_DEPLOYMENT_TARGET = 5.0;
				PRODUCT_NAME = "$(TARGET_NAME)";
				WRAPPER_EXTENSION = app;
			};
			name = Debug;
		};
		FCE6A5F5154E7B2D0027A21A /* Release */ = {
			isa = XCBuildConfiguration;
			buildSettings = {
				GCC_PRECOMPILE_PREFIX_HEADER = YES;
				GCC_PREFIX_HEADER = "iOSHelper/iOSHelper-Prefix.pch";
				INFOPLIST_FILE = "iOSHelper/iOSHelper-Info.plist";
				IPHONEOS_DEPLOYMENT_TARGET = 5.0;
				PRODUCT_NAME = "$(TARGET_NAME)";
				WRAPPER_EXTENSION = app;
			};
			name = Release;
		};
/* End XCBuildConfiguration section */

/* Begin XCConfigurationList section */
		FCE6A5CC154E7B2D0027A21A /* Build configuration list for PBXProject "iOSHelper" */ = {
			isa = XCConfigurationList;
			buildConfigurations = (
				FCE6A5F1154E7B2D0027A21A /* Debug */,
				FCE6A5F2154E7B2D0027A21A /* Release */,
			);
			defaultConfigurationIsVisible = 0;
			defaultConfigurationName = Release;
		};
		FCE6A5F3154E7B2D0027A21A /* Build configuration list for PBXNativeTarget "iOSHelper" */ = {
			isa = XCConfigurationList;
			buildConfigurations = (
				FCE6A5F4154E7B2D0027A21A /* Debug */,
				FCE6A5F5154E7B2D0027A21A /* Release */,
			);
			defaultConfigurationIsVisible = 0;
			defaultConfigurationName = Release;
		};
/* End XCConfigurationList section */
	};
	rootObject = FCE6A5C9154E7B2D0027A21A /* Project object */;
}
